
Microsoft Visual Studio Solution File, Format Version 12.00
# Visual Studio Version 16
VisualStudioVersion = 16.0.31424.327
MinimumVisualStudioVersion = 10.0.40219.1
Project("{9A19103F-16F7-4668-BE54-9A1E7A4F7556}") = "BluePrismTechChallenge", "BluePrismTechChallenge\BluePrismTechChallenge.csproj", "{FA06F561-5885-4B63-8978-3EA70E73255C}"
EndProject
Project("{9A19103F-16F7-4668-BE54-9A1E7A4F7556}") = "UnitTests", "UnitTests\UnitTests.csproj", "{35A5F24E-4F3C-4B0A-B763-1086439809B5}"
EndProject
Global
	GlobalSection(SolutionConfigurationPlatforms) = preSolution
		Debug|Any CPU = Debug|Any CPU
		Release|Any CPU = Release|Any CPU
	EndGlobalSection
	GlobalSection(ProjectConfigurationPlatforms) = postSolution
		{FA06F561-5885-4B63-8978-3EA70E73255C}.Debug|Any CPU.ActiveCfg = Debug|Any CPU
		{FA06F561-5885-4B63-8978-3EA70E73255C}.Debug|Any CPU.Build.0 = Debug|Any CPU
		{FA06F561-5885-4B63-8978-3EA70E73255C}.Release|Any CPU.ActiveCfg = Release|Any CPU
		{FA06F561-5885-4B63-8978-3EA70E73255C}.Release|Any CPU.Build.0 = Release|Any CPU
		{35A5F24E-4F3C-4B0A-B763-1086439809B5}.Debug|Any CPU.ActiveCfg = Debug|Any CPU
		{35A5F24E-4F3C-4B0A-B763-1086439809B5}.Debug|Any CPU.Build.0 = Debug|Any CPU
		{35A5F24E-4F3C-4B0A-B763-1086439809B5}.Release|Any CPU.ActiveCfg = Release|Any CPU
		{35A5F24E-4F3C-4B0A-B763-1086439809B5}.Release|Any CPU.Build.0 = Release|Any CPU
	EndGlobalSection
	GlobalSection(SolutionProperties) = preSolution
		HideSolutionNode = FALSE
	EndGlobalSection
	GlobalSection(ExtensibilityGlobals) = postSolution
		SolutionGuid = {7EA3A837-F1E8-4DA2-9DD7-1DD8C364732D}
	EndGlobalSection
EndGlobal
